lockfileVersion: '9.0'

settings:
  autoInstallPeers: true
  excludeLinksFromLockfile: false

importers:

  .:
    dependencies:
      '@radix-ui/react-radio-group':
        specifier: ^1.3.4
        version: 1.3.4(react-dom@19.1.0(react@19.1.0))(react@19.1.0)
      '@radix-ui/react-tooltip':
        specifier: ^1.2.4
        version: 1.2.4(react-dom@19.1.0(react@19.1.0))(react@19.1.0)
      class-variance-authority:
        specifier: ^0.7.1
        version: 0.7.1
      clsx:
        specifier: ^2.1.1
        version: 2.1.1
      tailwind-variants:
        specifier: ^1.0.0
        version: 1.0.0(tailwindcss@4.1.4)
    devDependencies:
      '@tailwindcss/postcss':
        specifier: ^4.1.4
        version: 4.1.4
      '@tailwindcss/typography':
        specifier: ^0.5.16
        version: 0.5.16(tailwindcss@4.1.4)
      autoprefixer:
        specifier: ^10.4.21
        version: 10.4.21(postcss@8.5.3)
      postcss:
        specifier: ^8.5.3
        version: 8.5.3
      tailwindcss:
        specifier: ^4.1.4
        version: 4.1.4
      tailwindcss-animate:
        specifier: ^1.0.7
        version: 1.0.7(tailwindcss@4.1.4)

packages:

  '@alloc/quick-lru@5.2.0':
    resolution: {integrity: sha512-UrcABB+4bUrFABwbluTIBErXwvbsU/V7TZWfmbgJfbkwiBuziS9gxdODUyuiecfdGQ85jglMW6juS3+z5TsKLw==}
    engines: {node: '>=10'}

  '@floating-ui/core@1.6.9':
    resolution: {integrity: sha512-uMXCuQ3BItDUbAMhIXw7UPXRfAlOAvZzdK9BWpE60MCn+Svt3aLn9jsPTi/WNGlRUu2uI0v5S7JiIUsbsvh3fw==}

  '@floating-ui/dom@1.6.13':
    resolution: {integrity: sha512-umqzocjDgNRGTuO7Q8CU32dkHkECqI8ZdMZ5Swb6QAM0t5rnlrN3lGo1hdpscRd3WS8T6DKYK4ephgIH9iRh3w==}

  '@floating-ui/react-dom@2.1.2':
    resolution: {integrity: sha512-06okr5cgPzMNBy+Ycse2A6udMi4bqwW/zgBF/rwjcNqWkyr82Mcg8b0vjX8OJpZFy/FKjJmw6wV7t44kK6kW7A==}
    peerDependencies:
      react: '>=16.8.0'
      react-dom: '>=16.8.0'

  '@floating-ui/utils@0.2.9':
    resolution: {integrity: sha512-MDWhGtE+eHw5JW7lq4qhc5yRLS11ERl1c7Z6Xd0a58DozHES6EnNNwUWbMiG4J9Cgj053Bhk8zvlhFYKVhULwg==}

  '@radix-ui/primitive@1.1.2':
    resolution: {integrity: sha512-XnbHrrprsNqZKQhStrSwgRUQzoCI1glLzdw79xiZPoofhGICeZRSQ3dIxAKH1gb3OHfNf4d6f+vAv3kil2eggA==}

  '@radix-ui/react-arrow@1.1.4':
    resolution: {integrity: sha512-qz+fxrqgNxG0dYew5l7qR3c7wdgRu1XVUHGnGYX7rg5HM4p9SWaRmJwfgR3J0SgyUKayLmzQIun+N6rWRgiRKw==}
    peerDependencies:
      '@types/react': '*'
      '@types/react-dom': '*'
      react: ^16.8 || ^17.0 || ^18.0 || ^19.0 || ^19.0.0-rc
      react-dom: ^16.8 || ^17.0 || ^18.0 || ^19.0 || ^19.0.0-rc
    peerDependenciesMeta:
      '@types/react':
        optional: true
      '@types/react-dom':
        optional: true

  '@radix-ui/react-collection@1.1.4':
    resolution: {integrity: sha512-cv4vSf7HttqXilDnAnvINd53OTl1/bjUYVZrkFnA7nwmY9Ob2POUy0WY0sfqBAe1s5FyKsyceQlqiEGPYNTadg==}
    peerDependencies:
      '@types/react': '*'
      '@types/react-dom': '*'
      react: ^16.8 || ^17.0 || ^18.0 || ^19.0 || ^19.0.0-rc
      react-dom: ^16.8 || ^17.0 || ^18.0 || ^19.0 || ^19.0.0-rc
    peerDependenciesMeta:
      '@types/react':
        optional: true
      '@types/react-dom':
        optional: true

  '@radix-ui/react-compose-refs@1.1.2':
    resolution: {integrity: sha512-z4eqJvfiNnFMHIIvXP3CY57y2WJs5g2v3X0zm9mEJkrkNv4rDxu+sg9Jh8EkXyeqBkB7SOcboo9dMVqhyrACIg==}
    peerDependencies:
      '@types/react': '*'
      react: ^16.8 || ^17.0 || ^18.0 || ^19.0 || ^19.0.0-rc
    peerDependenciesMeta:
      '@types/react':
        optional: true

  '@radix-ui/react-context@1.1.2':
    resolution: {integrity: sha512-jCi/QKUM2r1Ju5a3J64TH2A5SpKAgh0LpknyqdQ4m6DCV0xJ2HG1xARRwNGPQfi1SLdLWZ1OJz6F4OMBBNiGJA==}
    peerDependencies:
      '@types/react': '*'
      react: ^16.8 || ^17.0 || ^18.0 || ^19.0 || ^19.0.0-rc
    peerDependenciesMeta:
      '@types/react':
        optional: true

  '@radix-ui/react-direction@1.1.1':
    resolution: {integrity: sha512-1UEWRX6jnOA2y4H5WczZ44gOOjTEmlqv1uNW4GAJEO5+bauCBhv8snY65Iw5/VOS/ghKN9gr2KjnLKxrsvoMVw==}
    peerDependencies:
      '@types/react': '*'
      react: ^16.8 || ^17.0 || ^18.0 || ^19.0 || ^19.0.0-rc
    peerDependenciesMeta:
      '@types/react':
        optional: true

  '@radix-ui/react-dismissable-layer@1.1.7':
    resolution: {integrity: sha512-j5+WBUdhccJsmH5/H0K6RncjDtoALSEr6jbkaZu+bjw6hOPOhHycr6vEUujl+HBK8kjUfWcoCJXxP6e4lUlMZw==}
    peerDependencies:
      '@types/react': '*'
      '@types/react-dom': '*'
      react: ^16.8 || ^17.0 || ^18.0 || ^19.0 || ^19.0.0-rc
      react-dom: ^16.8 || ^17.0 || ^18.0 || ^19.0 || ^19.0.0-rc
    peerDependenciesMeta:
      '@types/react':
        optional: true
      '@types/react-dom':
        optional: true

  '@radix-ui/react-id@1.1.1':
    resolution: {integrity: sha512-kGkGegYIdQsOb4XjsfM97rXsiHaBwco+hFI66oO4s9LU+PLAC5oJ7khdOVFxkhsmlbpUqDAvXw11CluXP+jkHg==}
    peerDependencies:
      '@types/react': '*'
      react: ^16.8 || ^17.0 || ^18.0 || ^19.0 || ^19.0.0-rc
    peerDependenciesMeta:
      '@types/react':
        optional: true

  '@radix-ui/react-popper@1.2.4':
    resolution: {integrity: sha512-3p2Rgm/a1cK0r/UVkx5F/K9v/EplfjAeIFCGOPYPO4lZ0jtg4iSQXt/YGTSLWaf4x7NG6Z4+uKFcylcTZjeqDA==}
    peerDependencies:
      '@types/react': '*'
      '@types/react-dom': '*'
      react: ^16.8 || ^17.0 || ^18.0 || ^19.0 || ^19.0.0-rc
      react-dom: ^16.8 || ^17.0 || ^18.0 || ^19.0 || ^19.0.0-rc
    peerDependenciesMeta:
      '@types/react':
        optional: true
      '@types/react-dom':
        optional: true

  '@radix-ui/react-portal@1.1.6':
    resolution: {integrity: sha512-XmsIl2z1n/TsYFLIdYam2rmFwf9OC/Sh2avkbmVMDuBZIe7hSpM0cYnWPAo7nHOVx8zTuwDZGByfcqLdnzp3Vw==}
    peerDependencies:
      '@types/react': '*'
      '@types/react-dom': '*'
      react: ^16.8 || ^17.0 || ^18.0 || ^19.0 || ^19.0.0-rc
      react-dom: ^16.8 || ^17.0 || ^18.0 || ^19.0 || ^19.0.0-rc
    peerDependenciesMeta:
      '@types/react':
        optional: true
      '@types/react-dom':
        optional: true

  '@radix-ui/react-presence@1.1.4':
    resolution: {integrity: sha512-ueDqRbdc4/bkaQT3GIpLQssRlFgWaL/U2z/S31qRwwLWoxHLgry3SIfCwhxeQNbirEUXFa+lq3RL3oBYXtcmIA==}
    peerDependencies:
      '@types/react': '*'
      '@types/react-dom': '*'
      react: ^16.8 || ^17.0 || ^18.0 || ^19.0 || ^19.0.0-rc
      react-dom: ^16.8 || ^17.0 || ^18.0 || ^19.0 || ^19.0.0-rc
    peerDependenciesMeta:
      '@types/react':
        optional: true
      '@types/react-dom':
        optional: true

  '@radix-ui/react-primitive@2.1.0':
    resolution: {integrity: sha512-/J/FhLdK0zVcILOwt5g+dH4KnkonCtkVJsa2G6JmvbbtZfBEI1gMsO3QMjseL4F/SwfAMt1Vc/0XKYKq+xJ1sw==}
    peerDependencies:
      '@types/react': '*'
      '@types/react-dom': '*'
      react: ^16.8 || ^17.0 || ^18.0 || ^19.0 || ^19.0.0-rc
      react-dom: ^16.8 || ^17.0 || ^18.0 || ^19.0 || ^19.0.0-rc
    peerDependenciesMeta:
      '@types/react':
        optional: true
      '@types/react-dom':
        optional: true

  '@radix-ui/react-radio-group@1.3.4':
    resolution: {integrity: sha512-N4J9QFdW5zcJNxxY/zwTXBN4Uc5VEuRM7ZLjNfnWoKmNvgrPtNNw4P8zY532O3qL6aPkaNO+gY9y6bfzmH4U1g==}
    peerDependencies:
      '@types/react': '*'
      '@types/react-dom': '*'
      react: ^16.8 || ^17.0 || ^18.0 || ^19.0 || ^19.0.0-rc
      react-dom: ^16.8 || ^17.0 || ^18.0 || ^19.0 || ^19.0.0-rc
    peerDependenciesMeta:
      '@types/react':
        optional: true
      '@types/react-dom':
        optional: true

  '@radix-ui/react-roving-focus@1.1.7':
    resolution: {integrity: sha512-C6oAg451/fQT3EGbWHbCQjYTtbyjNO1uzQgMzwyivcHT3GKNEmu1q3UuREhN+HzHAVtv3ivMVK08QlC+PkYw9Q==}
    peerDependencies:
      '@types/react': '*'
      '@types/react-dom': '*'
      react: ^16.8 || ^17.0 || ^18.0 || ^19.0 || ^19.0.0-rc
      react-dom: ^16.8 || ^17.0 || ^18.0 || ^19.0 || ^19.0.0-rc
    peerDependenciesMeta:
      '@types/react':
        optional: true
      '@types/react-dom':
        optional: true

  '@radix-ui/react-slot@1.2.0':
    resolution: {integrity: sha512-ujc+V6r0HNDviYqIK3rW4ffgYiZ8g5DEHrGJVk4x7kTlLXRDILnKX9vAUYeIsLOoDpDJ0ujpqMkjH4w2ofuo6w==}
    peerDependencies:
      '@types/react': '*'
      react: ^16.8 || ^17.0 || ^18.0 || ^19.0 || ^19.0.0-rc
    peerDependenciesMeta:
      '@types/react':
        optional: true

  '@radix-ui/react-tooltip@1.2.4':
    resolution: {integrity: sha512-DyW8VVeeMSSLFvAmnVnCwvI3H+1tpJFHT50r+tdOoMse9XqYDBCcyux8u3G2y+LOpt7fPQ6KKH0mhs+ce1+Z5w==}
    peerDependencies:
      '@types/react': '*'
      '@types/react-dom': '*'
      react: ^16.8 || ^17.0 || ^18.0 || ^19.0 || ^19.0.0-rc
      react-dom: ^16.8 || ^17.0 || ^18.0 || ^19.0 || ^19.0.0-rc
    peerDependenciesMeta:
      '@types/react':
        optional: true
      '@types/react-dom':
        optional: true

  '@radix-ui/react-use-callback-ref@1.1.1':
    resolution: {integrity: sha512-FkBMwD+qbGQeMu1cOHnuGB6x4yzPjho8ap5WtbEJ26umhgqVXbhekKUQO+hZEL1vU92a3wHwdp0HAcqAUF5iDg==}
    peerDependencies:
      '@types/react': '*'
      react: ^16.8 || ^17.0 || ^18.0 || ^19.0 || ^19.0.0-rc
    peerDependenciesMeta:
      '@types/react':
        optional: true

  '@radix-ui/react-use-controllable-state@1.2.2':
    resolution: {integrity: sha512-BjasUjixPFdS+NKkypcyyN5Pmg83Olst0+c6vGov0diwTEo6mgdqVR6hxcEgFuh4QrAs7Rc+9KuGJ9TVCj0Zzg==}
    peerDependencies:
      '@types/react': '*'
      react: ^16.8 || ^17.0 || ^18.0 || ^19.0 || ^19.0.0-rc
    peerDependenciesMeta:
      '@types/react':
        optional: true

  '@radix-ui/react-use-effect-event@0.0.2':
    resolution: {integrity: sha512-Qp8WbZOBe+blgpuUT+lw2xheLP8q0oatc9UpmiemEICxGvFLYmHm9QowVZGHtJlGbS6A6yJ3iViad/2cVjnOiA==}
    peerDependencies:
      '@types/react': '*'
      react: ^16.8 || ^17.0 || ^18.0 || ^19.0 || ^19.0.0-rc
    peerDependenciesMeta:
      '@types/react':
        optional: true

  '@radix-ui/react-use-escape-keydown@1.1.1':
    resolution: {integrity: sha512-Il0+boE7w/XebUHyBjroE+DbByORGR9KKmITzbR7MyQ4akpORYP/ZmbhAr0DG7RmmBqoOnZdy2QlvajJ2QA59g==}
    peerDependencies:
      '@types/react': '*'
      react: ^16.8 || ^17.0 || ^18.0 || ^19.0 || ^19.0.0-rc
    peerDependenciesMeta:
      '@types/react':
        optional: true

  '@radix-ui/react-use-layout-effect@1.1.1':
    resolution: {integrity: sha512-RbJRS4UWQFkzHTTwVymMTUv8EqYhOp8dOOviLj2ugtTiXRaRQS7GLGxZTLL1jWhMeoSCf5zmcZkqTl9IiYfXcQ==}
    peerDependencies:
      '@types/react': '*'
      react: ^16.8 || ^17.0 || ^18.0 || ^19.0 || ^19.0.0-rc
    peerDependenciesMeta:
      '@types/react':
        optional: true

  '@radix-ui/react-use-previous@1.1.1':
    resolution: {integrity: sha512-2dHfToCj/pzca2Ck724OZ5L0EVrr3eHRNsG/b3xQJLA2hZpVCS99bLAX+hm1IHXDEnzU6by5z/5MIY794/a8NQ==}
    peerDependencies:
      '@types/react': '*'
      react: ^16.8 || ^17.0 || ^18.0 || ^19.0 || ^19.0.0-rc
    peerDependenciesMeta:
      '@types/react':
        optional: true

  '@radix-ui/react-use-rect@1.1.1':
    resolution: {integrity: sha512-QTYuDesS0VtuHNNvMh+CjlKJ4LJickCMUAqjlE3+j8w+RlRpwyX3apEQKGFzbZGdo7XNG1tXa+bQqIE7HIXT2w==}
    peerDependencies:
      '@types/react': '*'
      react: ^16.8 || ^17.0 || ^18.0 || ^19.0 || ^19.0.0-rc
    peerDependenciesMeta:
      '@types/react':
        optional: true

  '@radix-ui/react-use-size@1.1.1':
    resolution: {integrity: sha512-ewrXRDTAqAXlkl6t/fkXWNAhFX9I+CkKlw6zjEwk86RSPKwZr3xpBRso655aqYafwtnbpHLj6toFzmd6xdVptQ==}
    peerDependencies:
      '@types/react': '*'
      react: ^16.8 || ^17.0 || ^18.0 || ^19.0 || ^19.0.0-rc
    peerDependenciesMeta:
      '@types/react':
        optional: true

  '@radix-ui/react-visually-hidden@1.2.0':
    resolution: {integrity: sha512-rQj0aAWOpCdCMRbI6pLQm8r7S2BM3YhTa0SzOYD55k+hJA8oo9J+H+9wLM9oMlZWOX/wJWPTzfDfmZkf7LvCfg==}
    peerDependencies:
      '@types/react': '*'
      '@types/react-dom': '*'
      react: ^16.8 || ^17.0 || ^18.0 || ^19.0 || ^19.0.0-rc
      react-dom: ^16.8 || ^17.0 || ^18.0 || ^19.0 || ^19.0.0-rc
    peerDependenciesMeta:
      '@types/react':
        optional: true
      '@types/react-dom':
        optional: true

  '@radix-ui/rect@1.1.1':
    resolution: {integrity: sha512-HPwpGIzkl28mWyZqG52jiqDJ12waP11Pa1lGoiyUkIEuMLBP0oeK/C89esbXrxsky5we7dfd8U58nm0SgAWpVw==}

  '@tailwindcss/node@4.1.4':
    resolution: {integrity: sha512-MT5118zaiO6x6hNA04OWInuAiP1YISXql8Z+/Y8iisV5nuhM8VXlyhRuqc2PEviPszcXI66W44bCIk500Oolhw==}

  '@tailwindcss/oxide-android-arm64@4.1.4':
    resolution: {integrity: sha512-xMMAe/SaCN/vHfQYui3fqaBDEXMu22BVwQ33veLc8ep+DNy7CWN52L+TTG9y1K397w9nkzv+Mw+mZWISiqhmlA==}
    engines: {node: '>= 10'}
    cpu: [arm64]
    os: [android]

  '@tailwindcss/oxide-darwin-arm64@4.1.4':
    resolution: {integrity: sha512-JGRj0SYFuDuAGilWFBlshcexev2hOKfNkoX+0QTksKYq2zgF9VY/vVMq9m8IObYnLna0Xlg+ytCi2FN2rOL0Sg==}
    engines: {node: '>= 10'}
    cpu: [arm64]
    os: [darwin]

  '@tailwindcss/oxide-darwin-x64@4.1.4':
    resolution: {integrity: sha512-sdDeLNvs3cYeWsEJ4H1DvjOzaGios4QbBTNLVLVs0XQ0V95bffT3+scptzYGPMjm7xv4+qMhCDrkHwhnUySEzA==}
    engines: {node: '>= 10'}
    cpu: [x64]
    os: [darwin]

  '@tailwindcss/oxide-freebsd-x64@4.1.4':
    resolution: {integrity: sha512-VHxAqxqdghM83HslPhRsNhHo91McsxRJaEnShJOMu8mHmEj9Ig7ToHJtDukkuLWLzLboh2XSjq/0zO6wgvykNA==}
    engines: {node: '>= 10'}
    cpu: [x64]
    os: [freebsd]

  '@tailwindcss/oxide-linux-arm-gnueabihf@4.1.4':
    resolution: {integrity: sha512-OTU/m/eV4gQKxy9r5acuesqaymyeSCnsx1cFto/I1WhPmi5HDxX1nkzb8KYBiwkHIGg7CTfo/AcGzoXAJBxLfg==}
    engines: {node: '>= 10'}
    cpu: [arm]
    os: [linux]

  '@tailwindcss/oxide-linux-arm64-gnu@4.1.4':
    resolution: {integrity: sha512-hKlLNvbmUC6z5g/J4H+Zx7f7w15whSVImokLPmP6ff1QqTVE+TxUM9PGuNsjHvkvlHUtGTdDnOvGNSEUiXI1Ww==}
    engines: {node: '>= 10'}
    cpu: [arm64]
    os: [linux]

  '@tailwindcss/oxide-linux-arm64-musl@4.1.4':
    resolution: {integrity: sha512-X3As2xhtgPTY/m5edUtddmZ8rCruvBvtxYLMw9OsZdH01L2gS2icsHRwxdU0dMItNfVmrBezueXZCHxVeeb7Aw==}
    engines: {node: '>= 10'}
    cpu: [arm64]
    os: [linux]

  '@tailwindcss/oxide-linux-x64-gnu@4.1.4':
    resolution: {integrity: sha512-2VG4DqhGaDSmYIu6C4ua2vSLXnJsb/C9liej7TuSO04NK+JJJgJucDUgmX6sn7Gw3Cs5ZJ9ZLrnI0QRDOjLfNQ==}
    engines: {node: '>= 10'}
    cpu: [x64]
    os: [linux]

  '@tailwindcss/oxide-linux-x64-musl@4.1.4':
    resolution: {integrity: sha512-v+mxVgH2kmur/X5Mdrz9m7TsoVjbdYQT0b4Z+dr+I4RvreCNXyCFELZL/DO0M1RsidZTrm6O1eMnV6zlgEzTMQ==}
    engines: {node: '>= 10'}
    cpu: [x64]
    os: [linux]

  '@tailwindcss/oxide-wasm32-wasi@4.1.4':
    resolution: {integrity: sha512-2TLe9ir+9esCf6Wm+lLWTMbgklIjiF0pbmDnwmhR9MksVOq+e8aP3TSsXySnBDDvTTVd/vKu1aNttEGj3P6l8Q==}
    engines: {node: '>=14.0.0'}
    cpu: [wasm32]
    bundledDependencies:
      - '@napi-rs/wasm-runtime'
      - '@emnapi/core'
      - '@emnapi/runtime'
      - '@tybys/wasm-util'
      - '@emnapi/wasi-threads'
      - tslib

  '@tailwindcss/oxide-win32-arm64-msvc@4.1.4':
    resolution: {integrity: sha512-VlnhfilPlO0ltxW9/BgfLI5547PYzqBMPIzRrk4W7uupgCt8z6Trw/tAj6QUtF2om+1MH281Pg+HHUJoLesmng==}
    engines: {node: '>= 10'}
    cpu: [arm64]
    os: [win32]

  '@tailwindcss/oxide-win32-x64-msvc@4.1.4':
    resolution: {integrity: sha512-+7S63t5zhYjslUGb8NcgLpFXD+Kq1F/zt5Xv5qTv7HaFTG/DHyHD9GA6ieNAxhgyA4IcKa/zy7Xx4Oad2/wuhw==}
    engines: {node: '>= 10'}
    cpu: [x64]
    os: [win32]

  '@tailwindcss/oxide@4.1.4':
    resolution: {integrity: sha512-p5wOpXyOJx7mKh5MXh5oKk+kqcz8T+bA3z/5VWWeQwFrmuBItGwz8Y2CHk/sJ+dNb9B0nYFfn0rj/cKHZyjahQ==}
    engines: {node: '>= 10'}

  '@tailwindcss/postcss@4.1.4':
    resolution: {integrity: sha512-bjV6sqycCEa+AQSt2Kr7wpGF1bOZJ5wsqnLEkqSbM/JEHxx/yhMH8wHmdkPyApF9xhHeMSwnnkDUUMMM/hYnXw==}

  '@tailwindcss/typography@0.5.16':
    resolution: {integrity: sha512-0wDLwCVF5V3x3b1SGXPCDcdsbDHMBe+lkFzBRaHeLvNi+nrrnZ1lA18u+OTWO8iSWU2GxUOCvlXtDuqftc1oiA==}
    peerDependencies:
      tailwindcss: '>=3.0.0 || insiders || >=4.0.0-alpha.20 || >=4.0.0-beta.1'

  autoprefixer@10.4.21:
    resolution: {integrity: sha512-O+A6LWV5LDHSJD3LjHYoNi4VLsj/Whi7k6zG12xTYaU4cQ8oxQGckXNX8cRHK5yOZ/ppVHe0ZBXGzSV9jXdVbQ==}
    engines: {node: ^10 || ^12 || >=14}
    hasBin: true
    peerDependencies:
      postcss: ^8.1.0

  browserslist@4.24.4:
    resolution: {integrity: sha512-KDi1Ny1gSePi1vm0q4oxSF8b4DR44GF4BbmS2YdhPLOEqd8pDviZOGH/GsmRwoWJ2+5Lr085X7naowMwKHDG1A==}
    engines: {node: ^6 || ^7 || ^8 || ^9 || ^10 || ^11 || ^12 || >=13.7}
    hasBin: true

  caniuse-lite@1.0.30001715:
    resolution: {integrity: sha512-7ptkFGMm2OAOgvZpwgA4yjQ5SQbrNVGdRjzH0pBdy1Fasvcr+KAeECmbCAECzTuDuoX0FCY8KzUxjf9+9kfZEw==}

  class-variance-authority@0.7.1:
    resolution: {integrity: sha512-Ka+9Trutv7G8M6WT6SeiRWz792K5qEqIGEGzXKhAE6xOWAY6pPH8U+9IY3oCMv6kqTmLsv7Xh/2w2RigkePMsg==}

  clsx@2.1.1:
    resolution: {integrity: sha512-eYm0QWBtUrBWZWG0d386OGAw16Z995PiOVo2B7bjWSbHedGl5e0ZWaq65kOGgUSNesEIDkB9ISbTg/JK9dhCZA==}
    engines: {node: '>=6'}

  cssesc@3.0.0:
    resolution: {integrity: sha512-/Tb/JcjK111nNScGob5MNtsntNM1aCNUDipB/TkwZFhyDrrE47SOx/18wF2bbjgc3ZzCSKW1T5nt5EbFoAz/Vg==}
    engines: {node: '>=4'}
    hasBin: true

  detect-libc@2.0.4:
    resolution: {integrity: sha512-3UDv+G9CsCKO1WKMGw9fwq/SWJYbI0c5Y7LU1AXYoDdbhE2AHQ6N6Nb34sG8Fj7T5APy8qXDCKuuIHd1BR0tVA==}
    engines: {node: '>=8'}

  electron-to-chromium@1.5.144:
    resolution: {integrity: sha512-eJIaMRKeAzxfBSxtjYnoIAw/tdD6VIH6tHBZepZnAbE3Gyqqs5mGN87DvcldPUbVkIljTK8pY0CMcUljP64lfQ==}

  enhanced-resolve@5.18.1:
    resolution: {integrity: sha512-ZSW3ma5GkcQBIpwZTSRAI8N71Uuwgs93IezB7mf7R60tC8ZbJideoDNKjHn2O9KIlx6rkGTTEk1xUCK2E1Y2Yg==}
    engines: {node: '>=10.13.0'}

  escalade@3.2.0:
    resolution: {integrity: sha512-WUj2qlxaQtO4g6Pq5c29GTcWGDyd8itL8zTlipgECz3JesAiiOKotd8JU6otB3PACgG6xkJUyVhboMS+bje/jA==}
    engines: {node: '>=6'}

  fraction.js@4.3.7:
    resolution: {integrity: sha512-ZsDfxO51wGAXREY55a7la9LScWpwv9RxIrYABrlvOFBlH/ShPnrtsXeuUIfXKKOVicNxQ+o8JTbJvjS4M89yew==}

  graceful-fs@4.2.11:
    resolution: {integrity: sha512-RbJ5/jmFcNNCcDV5o9eTnBLJ/HszWV0P73bc+Ff4nS/rJj+YaS6IGyiOL0VoBYX+l1Wrl3k63h/KrH+nhJ0XvQ==}

  jiti@2.4.2:
    resolution: {integrity: sha512-rg9zJN+G4n2nfJl5MW3BMygZX56zKPNVEYYqq7adpmMh4Jn2QNEwhvQlFy6jPVdcod7txZtKHWnyZiA3a0zP7A==}
    hasBin: true

  lightningcss-darwin-arm64@1.29.2:
    resolution: {integrity: sha512-cK/eMabSViKn/PG8U/a7aCorpeKLMlK0bQeNHmdb7qUnBkNPnL+oV5DjJUo0kqWsJUapZsM4jCfYItbqBDvlcA==}
    engines: {node: '>= 12.0.0'}
    cpu: [arm64]
    os: [darwin]

  lightningcss-darwin-x64@1.29.2:
    resolution: {integrity: sha512-j5qYxamyQw4kDXX5hnnCKMf3mLlHvG44f24Qyi2965/Ycz829MYqjrVg2H8BidybHBp9kom4D7DR5VqCKDXS0w==}
    engines: {node: '>= 12.0.0'}
    cpu: [x64]
    os: [darwin]

  lightningcss-freebsd-x64@1.29.2:
    resolution: {integrity: sha512-wDk7M2tM78Ii8ek9YjnY8MjV5f5JN2qNVO+/0BAGZRvXKtQrBC4/cn4ssQIpKIPP44YXw6gFdpUF+Ps+RGsCwg==}
    engines: {node: '>= 12.0.0'}
    cpu: [x64]
    os: [freebsd]

  lightningcss-linux-arm-gnueabihf@1.29.2:
    resolution: {integrity: sha512-IRUrOrAF2Z+KExdExe3Rz7NSTuuJ2HvCGlMKoquK5pjvo2JY4Rybr+NrKnq0U0hZnx5AnGsuFHjGnNT14w26sg==}
    engines: {node: '>= 12.0.0'}
    cpu: [arm]
    os: [linux]

  lightningcss-linux-arm64-gnu@1.29.2:
    resolution: {integrity: sha512-KKCpOlmhdjvUTX/mBuaKemp0oeDIBBLFiU5Fnqxh1/DZ4JPZi4evEH7TKoSBFOSOV3J7iEmmBaw/8dpiUvRKlQ==}
    engines: {node: '>= 12.0.0'}
    cpu: [arm64]
    os: [linux]

  lightningcss-linux-arm64-musl@1.29.2:
    resolution: {integrity: sha512-Q64eM1bPlOOUgxFmoPUefqzY1yV3ctFPE6d/Vt7WzLW4rKTv7MyYNky+FWxRpLkNASTnKQUaiMJ87zNODIrrKQ==}
    engines: {node: '>= 12.0.0'}
    cpu: [arm64]
    os: [linux]

  lightningcss-linux-x64-gnu@1.29.2:
    resolution: {integrity: sha512-0v6idDCPG6epLXtBH/RPkHvYx74CVziHo6TMYga8O2EiQApnUPZsbR9nFNrg2cgBzk1AYqEd95TlrsL7nYABQg==}
    engines: {node: '>= 12.0.0'}
    cpu: [x64]
    os: [linux]

  lightningcss-linux-x64-musl@1.29.2:
    resolution: {integrity: sha512-rMpz2yawkgGT8RULc5S4WiZopVMOFWjiItBT7aSfDX4NQav6M44rhn5hjtkKzB+wMTRlLLqxkeYEtQ3dd9696w==}
    engines: {node: '>= 12.0.0'}
    cpu: [x64]
    os: [linux]

  lightningcss-win32-arm64-msvc@1.29.2:
    resolution: {integrity: sha512-nL7zRW6evGQqYVu/bKGK+zShyz8OVzsCotFgc7judbt6wnB2KbiKKJwBE4SGoDBQ1O94RjW4asrCjQL4i8Fhbw==}
    engines: {node: '>= 12.0.0'}
    cpu: [arm64]
    os: [win32]

  lightningcss-win32-x64-msvc@1.29.2:
    resolution: {integrity: sha512-EdIUW3B2vLuHmv7urfzMI/h2fmlnOQBk1xlsDxkN1tCWKjNFjfLhGxYk8C8mzpSfr+A6jFFIi8fU6LbQGsRWjA==}
    engines: {node: '>= 12.0.0'}
    cpu: [x64]
    os: [win32]

  lightningcss@1.29.2:
    resolution: {integrity: sha512-6b6gd/RUXKaw5keVdSEtqFVdzWnU5jMxTUjA2bVcMNPLwSQ08Sv/UodBVtETLCn7k4S1Ibxwh7k68IwLZPgKaA==}
    engines: {node: '>= 12.0.0'}

  lodash.castarray@4.4.0:
    resolution: {integrity: sha512-aVx8ztPv7/2ULbArGJ2Y42bG1mEQ5mGjpdvrbJcJFU3TbYybe+QlLS4pst9zV52ymy2in1KpFPiZnAOATxD4+Q==}

  lodash.isplainobject@4.0.6:
    resolution: {integrity: sha512-oSXzaWypCMHkPC3NvBEaPHf0KsA5mvPrOPgQWDsbg8n7orZ290M0BmC/jgRZ4vcJ6DTAhjrsSYgdsW/F+MFOBA==}

  lodash.merge@4.6.2:
    resolution: {integrity: sha512-0KpjqXRVvrYyCsX1swR/XTK0va6VQkQM6MNo7PqW77ByjAhoARA8EfrP1N4+KlKj8YS0ZUCtRT/YUuhyYDujIQ==}

  nanoid@3.3.11:
    resolution: {integrity: sha512-N8SpfPUnUp1bK+PMYW8qSWdl9U+wwNWI4QKxOYDy9JAro3WMX7p2OeVRF9v+347pnakNevPmiHhNmZ2HbFA76w==}
    engines: {node: ^10 || ^12 || ^13.7 || ^14 || >=15.0.1}
    hasBin: true

  node-releases@2.0.19:
    resolution: {integrity: sha512-xxOWJsBKtzAq7DY0J+DTzuz58K8e7sJbdgwkbMWQe8UYB6ekmsQ45q0M/tJDsGaZmbC+l7n57UV8Hl5tHxO9uw==}

  normalize-range@0.1.2:
    resolution: {integrity: sha512-bdok/XvKII3nUpklnV6P2hxtMNrCboOjAcyBuQnWEhO665FwrSNRxU+AqpsyvO6LgGYPspN+lu5CLtw4jPRKNA==}
    engines: {node: '>=0.10.0'}

  picocolors@1.1.1:
    resolution: {integrity: sha512-xceH2snhtb5M9liqDsmEw56le376mTZkEX/jEb/RxNFyegNul7eNslCXP9FDj/Lcu0X8KEyMceP2ntpaHrDEVA==}

  postcss-selector-parser@6.0.10:
    resolution: {integrity: sha512-IQ7TZdoaqbT+LCpShg46jnZVlhWD2w6iQYAcYXfHARZ7X1t/UGhhceQDs5X0cGqKvYlHNOuv7Oa1xmb0oQuA3w==}
    engines: {node: '>=4'}

  postcss-value-parser@4.2.0:
    resolution: {integrity: sha512-1NNCs6uurfkVbeXG4S8JFT9t19m45ICnif8zWLd5oPSZ50QnwMfK+H3jv408d4jw/7Bttv5axS5IiHoLaVNHeQ==}

  postcss@8.5.3:
    resolution: {integrity: sha512-dle9A3yYxlBSrt8Fu+IpjGT8SY8hN0mlaA6GY8t0P5PjIOZemULz/E2Bnm/2dcUOena75OTNkHI76uZBNUUq3A==}
    engines: {node: ^10 || ^12 || >=14}

  react-dom@19.1.0:
    resolution: {integrity: sha512-Xs1hdnE+DyKgeHJeJznQmYMIBG3TKIHJJT95Q58nHLSrElKlGQqDTR2HQ9fx5CN/Gk6Vh/kupBTDLU11/nDk/g==}
    peerDependencies:
      react: ^19.1.0

  react@19.1.0:
    resolution: {integrity: sha512-FS+XFBNvn3GTAWq26joslQgWNoFu08F4kl0J4CgdNKADkdSGXQyTCnKteIAJy96Br6YbpEU1LSzV5dYtjMkMDg==}
    engines: {node: '>=0.10.0'}

  scheduler@0.26.0:
    resolution: {integrity: sha512-NlHwttCI/l5gCPR3D1nNXtWABUmBwvZpEQiD4IXSbIDq8BzLIK/7Ir5gTFSGZDUu37K5cMNp0hFtzO38sC7gWA==}

  source-map-js@1.2.1:
    resolution: {integrity: sha512-UXWMKhLOwVKb728IUtQPXxfYU+usdybtUrK/8uGE8CQMvrhOpwvzDBwj0QhSL7MQc7vIsISBG8VQ8+IDQxpfQA==}
    engines: {node: '>=0.10.0'}

  tailwind-merge@3.0.2:
    resolution: {integrity: sha512-l7z+OYZ7mu3DTqrL88RiKrKIqO3NcpEO8V/Od04bNpvk0kiIFndGEoqfuzvj4yuhRkHKjRkII2z+KS2HfPcSxw==}

  tailwind-variants@1.0.0:
    resolution: {integrity: sha512-2WSbv4ulEEyuBKomOunut65D8UZwxrHoRfYnxGcQNnHqlSCp2+B7Yz2W+yrNDrxRodOXtGD/1oCcKGNBnUqMqA==}
    engines: {node: '>=16.x', pnpm: '>=7.x'}
    peerDependencies:
      tailwindcss: '*'

  tailwindcss-animate@1.0.7:
    resolution: {integrity: sha512-bl6mpH3T7I3UFxuvDEXLxy/VuFxBk5bbzplh7tXI68mwMokNYd1t9qPBHlnyTwfa4JGC4zP516I1hYYtQ/vspA==}
    peerDependencies:
      tailwindcss: '>=3.0.0 || insiders'

  tailwindcss@4.1.4:
    resolution: {integrity: sha512-1ZIUqtPITFbv/DxRmDr5/agPqJwF69d24m9qmM1939TJehgY539CtzeZRjbLt5G6fSy/7YqqYsfvoTEw9xUI2A==}

  tapable@2.2.1:
    resolution: {integrity: sha512-GNzQvQTOIP6RyTfE2Qxb8ZVlNmw0n88vp1szwWRimP02mnTsx3Wtn5qRdqY9w2XduFNUgvOwhNnQsjwCp+kqaQ==}
    engines: {node: '>=6'}

  update-browserslist-db@1.1.3:
    resolution: {integrity: sha512-UxhIZQ+QInVdunkDAaiazvvT/+fXL5Osr0JZlJulepYu6Jd7qJtDZjlur0emRlT71EN3ScPoE7gvsuIKKNavKw==}
    hasBin: true
    peerDependencies:
      browserslist: '>= 4.21.0'

  util-deprecate@1.0.2:
    resolution: {integrity: sha512-EPD5q1uXyFxJpCrLnCc1nHnq3gOa6DZBocAIiI2TaSCA7VCJ1UJDMagCzIkXNsUYfD1daK//LTEQ8xiIbrHtcw==}

snapshots:

  '@alloc/quick-lru@5.2.0': {}

  '@floating-ui/core@1.6.9':
    dependencies:
      '@floating-ui/utils': 0.2.9

  '@floating-ui/dom@1.6.13':
    dependencies:
      '@floating-ui/core': 1.6.9
      '@floating-ui/utils': 0.2.9

  '@floating-ui/react-dom@2.1.2(react-dom@19.1.0(react@19.1.0))(react@19.1.0)':
    dependencies:
      '@floating-ui/dom': 1.6.13
      react: 19.1.0
      react-dom: 19.1.0(react@19.1.0)

  '@floating-ui/utils@0.2.9': {}

  '@radix-ui/primitive@1.1.2': {}

  '@radix-ui/react-arrow@1.1.4(react-dom@19.1.0(react@19.1.0))(react@19.1.0)':
    dependencies:
      '@radix-ui/react-primitive': 2.1.0(react-dom@19.1.0(react@19.1.0))(react@19.1.0)
      react: 19.1.0
      react-dom: 19.1.0(react@19.1.0)

  '@radix-ui/react-collection@1.1.4(react-dom@19.1.0(react@19.1.0))(react@19.1.0)':
    dependencies:
      '@radix-ui/react-compose-refs': 1.1.2(react@19.1.0)
      '@radix-ui/react-context': 1.1.2(react@19.1.0)
      '@radix-ui/react-primitive': 2.1.0(react-dom@19.1.0(react@19.1.0))(react@19.1.0)
      '@radix-ui/react-slot': 1.2.0(react@19.1.0)
      react: 19.1.0
      react-dom: 19.1.0(react@19.1.0)

  '@radix-ui/react-compose-refs@1.1.2(react@19.1.0)':
    dependencies:
      react: 19.1.0

  '@radix-ui/react-context@1.1.2(react@19.1.0)':
    dependencies:
      react: 19.1.0

  '@radix-ui/react-direction@1.1.1(react@19.1.0)':
    dependencies:
      react: 19.1.0

  '@radix-ui/react-dismissable-layer@1.1.7(react-dom@19.1.0(react@19.1.0))(react@19.1.0)':
    dependencies:
      '@radix-ui/primitive': 1.1.2
      '@radix-ui/react-compose-refs': 1.1.2(react@19.1.0)
      '@radix-ui/react-primitive': 2.1.0(react-dom@19.1.0(react@19.1.0))(react@19.1.0)
      '@radix-ui/react-use-callback-ref': 1.1.1(react@19.1.0)
      '@radix-ui/react-use-escape-keydown': 1.1.1(react@19.1.0)
      react: 19.1.0
      react-dom: 19.1.0(react@19.1.0)

  '@radix-ui/react-id@1.1.1(react@19.1.0)':
    dependencies:
      '@radix-ui/react-use-layout-effect': 1.1.1(react@19.1.0)
      react: 19.1.0

  '@radix-ui/react-popper@1.2.4(react-dom@19.1.0(react@19.1.0))(react@19.1.0)':
    dependencies:
      '@floating-ui/react-dom': 2.1.2(react-dom@19.1.0(react@19.1.0))(react@19.1.0)
      '@radix-ui/react-arrow': 1.1.4(react-dom@19.1.0(react@19.1.0))(react@19.1.0)
      '@radix-ui/react-compose-refs': 1.1.2(react@19.1.0)
      '@radix-ui/react-context': 1.1.2(react@19.1.0)
      '@radix-ui/react-primitive': 2.1.0(react-dom@19.1.0(react@19.1.0))(react@19.1.0)
      '@radix-ui/react-use-callback-ref': 1.1.1(react@19.1.0)
      '@radix-ui/react-use-layout-effect': 1.1.1(react@19.1.0)
      '@radix-ui/react-use-rect': 1.1.1(react@19.1.0)
      '@radix-ui/react-use-size': 1.1.1(react@19.1.0)
      '@radix-ui/rect': 1.1.1
      react: 19.1.0
      react-dom: 19.1.0(react@19.1.0)

  '@radix-ui/react-portal@1.1.6(react-dom@19.1.0(react@19.1.0))(react@19.1.0)':
    dependencies:
      '@radix-ui/react-primitive': 2.1.0(react-dom@19.1.0(react@19.1.0))(react@19.1.0)
      '@radix-ui/react-use-layout-effect': 1.1.1(react@19.1.0)
      react: 19.1.0
      react-dom: 19.1.0(react@19.1.0)

  '@radix-ui/react-presence@1.1.4(react-dom@19.1.0(react@19.1.0))(react@19.1.0)':
    dependencies:
      '@radix-ui/react-compose-refs': 1.1.2(react@19.1.0)
      '@radix-ui/react-use-layout-effect': 1.1.1(react@19.1.0)
      react: 19.1.0
      react-dom: 19.1.0(react@19.1.0)

  '@radix-ui/react-primitive@2.1.0(react-dom@19.1.0(react@19.1.0))(react@19.1.0)':
    dependencies:
      '@radix-ui/react-slot': 1.2.0(react@19.1.0)
      react: 19.1.0
      react-dom: 19.1.0(react@19.1.0)

  '@radix-ui/react-radio-group@1.3.4(react-dom@19.1.0(react@19.1.0))(react@19.1.0)':
    dependencies:
      '@radix-ui/primitive': 1.1.2
      '@radix-ui/react-compose-refs': 1.1.2(react@19.1.0)
      '@radix-ui/react-context': 1.1.2(react@19.1.0)
      '@radix-ui/react-direction': 1.1.1(react@19.1.0)
      '@radix-ui/react-presence': 1.1.4(react-dom@19.1.0(react@19.1.0))(react@19.1.0)
      '@radix-ui/react-primitive': 2.1.0(react-dom@19.1.0(react@19.1.0))(react@19.1.0)
      '@radix-ui/react-roving-focus': 1.1.7(react-dom@19.1.0(react@19.1.0))(react@19.1.0)
      '@radix-ui/react-use-controllable-state': 1.2.2(react@19.1.0)
      '@radix-ui/react-use-previous': 1.1.1(react@19.1.0)
      '@radix-ui/react-use-size': 1.1.1(react@19.1.0)
      react: 19.1.0
      react-dom: 19.1.0(react@19.1.0)

  '@radix-ui/react-roving-focus@1.1.7(react-dom@19.1.0(react@19.1.0))(react@19.1.0)':
    dependencies:
      '@radix-ui/primitive': 1.1.2
      '@radix-ui/react-collection': 1.1.4(react-dom@19.1.0(react@19.1.0))(react@19.1.0)
      '@radix-ui/react-compose-refs': 1.1.2(react@19.1.0)
      '@radix-ui/react-context': 1.1.2(react@19.1.0)
      '@radix-ui/react-direction': 1.1.1(react@19.1.0)
      '@radix-ui/react-id': 1.1.1(react@19.1.0)
      '@radix-ui/react-primitive': 2.1.0(react-dom@19.1.0(react@19.1.0))(react@19.1.0)
      '@radix-ui/react-use-callback-ref': 1.1.1(react@19.1.0)
      '@radix-ui/react-use-controllable-state': 1.2.2(react@19.1.0)
      react: 19.1.0
      react-dom: 19.1.0(react@19.1.0)

  '@radix-ui/react-slot@1.2.0(react@19.1.0)':
    dependencies:
      '@radix-ui/react-compose-refs': 1.1.2(react@19.1.0)
      react: 19.1.0

  '@radix-ui/react-tooltip@1.2.4(react-dom@19.1.0(react@19.1.0))(react@19.1.0)':
    dependencies:
      '@radix-ui/primitive': 1.1.2
      '@radix-ui/react-compose-refs': 1.1.2(react@19.1.0)
      '@radix-ui/react-context': 1.1.2(react@19.1.0)
      '@radix-ui/react-dismissable-layer': 1.1.7(react-dom@19.1.0(react@19.1.0))(react@19.1.0)
      '@radix-ui/react-id': 1.1.1(react@19.1.0)
      '@radix-ui/react-popper': 1.2.4(react-dom@19.1.0(react@19.1.0))(react@19.1.0)
      '@radix-ui/react-portal': 1.1.6(react-dom@19.1.0(react@19.1.0))(react@19.1.0)
      '@radix-ui/react-presence': 1.1.4(react-dom@19.1.0(react@19.1.0))(react@19.1.0)
      '@radix-ui/react-primitive': 2.1.0(react-dom@19.1.0(react@19.1.0))(react@19.1.0)
      '@radix-ui/react-slot': 1.2.0(react@19.1.0)
      '@radix-ui/react-use-controllable-state': 1.2.2(react@19.1.0)
      '@radix-ui/react-visually-hidden': 1.2.0(react-dom@19.1.0(react@19.1.0))(react@19.1.0)
      react: 19.1.0
      react-dom: 19.1.0(react@19.1.0)

  '@radix-ui/react-use-callback-ref@1.1.1(react@19.1.0)':
    dependencies:
      react: 19.1.0

  '@radix-ui/react-use-controllable-state@1.2.2(react@19.1.0)':
    dependencies:
      '@radix-ui/react-use-effect-event': 0.0.2(react@19.1.0)
      '@radix-ui/react-use-layout-effect': 1.1.1(react@19.1.0)
      react: 19.1.0

  '@radix-ui/react-use-effect-event@0.0.2(react@19.1.0)':
    dependencies:
      '@radix-ui/react-use-layout-effect': 1.1.1(react@19.1.0)
      react: 19.1.0

  '@radix-ui/react-use-escape-keydown@1.1.1(react@19.1.0)':
    dependencies:
      '@radix-ui/react-use-callback-ref': 1.1.1(react@19.1.0)
      react: 19.1.0

  '@radix-ui/react-use-layout-effect@1.1.1(react@19.1.0)':
    dependencies:
      react: 19.1.0

  '@radix-ui/react-use-previous@1.1.1(react@19.1.0)':
    dependencies:
      react: 19.1.0

  '@radix-ui/react-use-rect@1.1.1(react@19.1.0)':
    dependencies:
      '@radix-ui/rect': 1.1.1
      react: 19.1.0

  '@radix-ui/react-use-size@1.1.1(react@19.1.0)':
    dependencies:
      '@radix-ui/react-use-layout-effect': 1.1.1(react@19.1.0)
      react: 19.1.0

  '@radix-ui/react-visually-hidden@1.2.0(react-dom@19.1.0(react@19.1.0))(react@19.1.0)':
    dependencies:
      '@radix-ui/react-primitive': 2.1.0(react-dom@19.1.0(react@19.1.0))(react@19.1.0)
      react: 19.1.0
      react-dom: 19.1.0(react@19.1.0)

  '@radix-ui/rect@1.1.1': {}

  '@tailwindcss/node@4.1.4':
    dependencies:
      enhanced-resolve: 5.18.1
      jiti: 2.4.2
      lightningcss: 1.29.2
      tailwindcss: 4.1.4

  '@tailwindcss/oxide-android-arm64@4.1.4':
    optional: true

  '@tailwindcss/oxide-darwin-arm64@4.1.4':
    optional: true

  '@tailwindcss/oxide-darwin-x64@4.1.4':
    optional: true

  '@tailwindcss/oxide-freebsd-x64@4.1.4':
    optional: true

  '@tailwindcss/oxide-linux-arm-gnueabihf@4.1.4':
    optional: true

  '@tailwindcss/oxide-linux-arm64-gnu@4.1.4':
    optional: true

  '@tailwindcss/oxide-linux-arm64-musl@4.1.4':
    optional: true

  '@tailwindcss/oxide-linux-x64-gnu@4.1.4':
    optional: true

  '@tailwindcss/oxide-linux-x64-musl@4.1.4':
    optional: true

  '@tailwindcss/oxide-wasm32-wasi@4.1.4':
    optional: true

  '@tailwindcss/oxide-win32-arm64-msvc@4.1.4':
    optional: true

  '@tailwindcss/oxide-win32-x64-msvc@4.1.4':
    optional: true

  '@tailwindcss/oxide@4.1.4':
    optionalDependencies:
      '@tailwindcss/oxide-android-arm64': 4.1.4
      '@tailwindcss/oxide-darwin-arm64': 4.1.4
      '@tailwindcss/oxide-darwin-x64': 4.1.4
      '@tailwindcss/oxide-freebsd-x64': 4.1.4
      '@tailwindcss/oxide-linux-arm-gnueabihf': 4.1.4
      '@tailwindcss/oxide-linux-arm64-gnu': 4.1.4
      '@tailwindcss/oxide-linux-arm64-musl': 4.1.4
      '@tailwindcss/oxide-linux-x64-gnu': 4.1.4
      '@tailwindcss/oxide-linux-x64-musl': 4.1.4
      '@tailwindcss/oxide-wasm32-wasi': 4.1.4
      '@tailwindcss/oxide-win32-arm64-msvc': 4.1.4
      '@tailwindcss/oxide-win32-x64-msvc': 4.1.4

  '@tailwindcss/postcss@4.1.4':
    dependencies:
      '@alloc/quick-lru': 5.2.0
      '@tailwindcss/node': 4.1.4
      '@tailwindcss/oxide': 4.1.4
      postcss: 8.5.3
      tailwindcss: 4.1.4

  '@tailwindcss/typography@0.5.16(tailwindcss@4.1.4)':
    dependencies:
      lodash.castarray: 4.4.0
      lodash.isplainobject: 4.0.6
      lodash.merge: 4.6.2
      postcss-selector-parser: 6.0.10
      tailwindcss: 4.1.4

  autoprefixer@10.4.21(postcss@8.5.3):
    dependencies:
      browserslist: 4.24.4
      caniuse-lite: 1.0.30001715
      fraction.js: 4.3.7
      normalize-range: 0.1.2
      picocolors: 1.1.1
      postcss: 8.5.3
      postcss-value-parser: 4.2.0

  browserslist@4.24.4:
    dependencies:
      caniuse-lite: 1.0.30001715
      electron-to-chromium: 1.5.144
      node-releases: 2.0.19
      update-browserslist-db: 1.1.3(browserslist@4.24.4)

  caniuse-lite@1.0.30001715: {}

  class-variance-authority@0.7.1:
    dependencies:
      clsx: 2.1.1

  clsx@2.1.1: {}

  cssesc@3.0.0: {}

  detect-libc@2.0.4: {}

  electron-to-chromium@1.5.144: {}

  enhanced-resolve@5.18.1:
    dependencies:
      graceful-fs: 4.2.11
      tapable: 2.2.1

  escalade@3.2.0: {}

  fraction.js@4.3.7: {}

  graceful-fs@4.2.11: {}

  jiti@2.4.2: {}

  lightningcss-darwin-arm64@1.29.2:
    optional: true

  lightningcss-darwin-x64@1.29.2:
    optional: true

  lightningcss-freebsd-x64@1.29.2:
    optional: true

  lightningcss-linux-arm-gnueabihf@1.29.2:
    optional: true

  lightningcss-linux-arm64-gnu@1.29.2:
    optional: true

  lightningcss-linux-arm64-musl@1.29.2:
    optional: true

  lightningcss-linux-x64-gnu@1.29.2:
    optional: true

  lightningcss-linux-x64-musl@1.29.2:
    optional: true

  lightningcss-win32-arm64-msvc@1.29.2:
    optional: true

  lightningcss-win32-x64-msvc@1.29.2:
    optional: true

  lightningcss@1.29.2:
    dependencies:
      detect-libc: 2.0.4
    optionalDependencies:
      lightningcss-darwin-arm64: 1.29.2
      lightningcss-darwin-x64: 1.29.2
      lightningcss-freebsd-x64: 1.29.2
      lightningcss-linux-arm-gnueabihf: 1.29.2
      lightningcss-linux-arm64-gnu: 1.29.2
      lightningcss-linux-arm64-musl: 1.29.2
      lightningcss-linux-x64-gnu: 1.29.2
      lightningcss-linux-x64-musl: 1.29.2
      lightningcss-win32-arm64-msvc: 1.29.2
      lightningcss-win32-x64-msvc: 1.29.2

  lodash.castarray@4.4.0: {}

  lodash.isplainobject@4.0.6: {}

  lodash.merge@4.6.2: {}

  nanoid@3.3.11: {}

  node-releases@2.0.19: {}

  normalize-range@0.1.2: {}

  picocolors@1.1.1: {}

  postcss-selector-parser@6.0.10:
    dependencies:
      cssesc: 3.0.0
      util-deprecate: 1.0.2

  postcss-value-parser@4.2.0: {}

  postcss@8.5.3:
    dependencies:
      nanoid: 3.3.11
      picocolors: 1.1.1
      source-map-js: 1.2.1

  react-dom@19.1.0(react@19.1.0):
    dependencies:
      react: 19.1.0
      scheduler: 0.26.0

  react@19.1.0: {}

  scheduler@0.26.0: {}

  source-map-js@1.2.1: {}

  tailwind-merge@3.0.2: {}

  tailwind-variants@1.0.0(tailwindcss@4.1.4):
    dependencies:
      tailwind-merge: 3.0.2
      tailwindcss: 4.1.4

  tailwindcss-animate@1.0.7(tailwindcss@4.1.4):
    dependencies:
      tailwindcss: 4.1.4

  tailwindcss@4.1.4: {}

  tapable@2.2.1: {}

  update-browserslist-db@1.1.3(browserslist@4.24.4):
    dependencies:
      browserslist: 4.24.4
      escalade: 3.2.0
      picocolors: 1.1.1

  util-deprecate@1.0.2: {}
